// !$*UTF8*$!
{
	archiveVersion = 1;
	classes = {
	};
	objectVersion = 56;
	objects = {

/* Begin PBXBuildFile section */
		735B84DF2A0E896B001CA76C /* AppDelegate.swift in Sources */ = {isa = PBXBuildFile; fileRef = 735B84DE2A0E896B001CA76C /* AppDelegate.swift */; };
		735B84E12A0E896B001CA76C /* SceneDelegate.swift in Sources */ = {isa = PBXBuildFile; fileRef = 735B84E02A0E896B001CA76C /* SceneDelegate.swift */; };
		735B84E32A0E896B001CA76C /* ViewController.swift in Sources */ = {isa = PBXBuildFile; fileRef = 735B84E22A0E896B001CA76C /* ViewController.swift */; };
		735B84E62A0E896B001CA76C /* Main.storyboard in Resources */ = {isa = PBXBuildFile; fileRef = 735B84E42A0E896B001CA76C /* Main.storyboard */; };
		735B84E82A0E896D001CA76C /* Assets.xcassets in Resources */ = {isa = PBXBuildFile; fileRef = 735B84E72A0E896D001CA76C /* Assets.xcassets */; };
		735B84EB2A0E896D001CA76C /* LaunchScreen.storyboard in Resources */ = {isa = PBXBuildFile; fileRef = 735B84E92A0E896D001CA76C /* LaunchScreen.storyboard */; };
		735B84F62A0E896E001CA76C /* meditationAppTests.swift in Sources */ = {isa = PBXBuildFile; fileRef = 735B84F52A0E896E001CA76C /* meditationAppTests.swift */; };
		735B85002A0E896E001CA76C /* meditationAppUITests.swift in Sources */ = {isa = PBXBuildFile; fileRef = 735B84FF2A0E896E001CA76C /* meditationAppUITests.swift */; };
		735B85022A0E896E001CA76C /* meditationAppUITestsLaunchTests.swift in Sources */ = {isa = PBXBuildFile; fileRef = 735B85012A0E896E001CA76C /* meditationAppUITestsLaunchTests.swift */; };
/* End PBXBuildFile section */

/* Begin PBXContainerItemProxy section */
		735B84F22A0E896E001CA76C /* PBXContainerItemProxy */ = {
			isa = PBXContainerItemProxy;
			containerPortal = 735B84D32A0E896B001CA76C /* Project object */;
			proxyType = 1;
			remoteGlobalIDString = 735B84DA2A0E896B001CA76C;
			remoteInfo = meditationApp;
		};
		735B84FC2A0E896E001CA76C /* PBXContainerItemProxy */ = {
			isa = PBXContainerItemProxy;
			containerPortal = 735B84D32A0E896B001CA76C /* Project object */;
			proxyType = 1;
			remoteGlobalIDString = 735B84DA2A0E896B001CA76C;
			remoteInfo = meditationApp;
		};
/* End PBXContainerItemProxy section */

/* Begin PBXFileReference section */
		735B84DB2A0E896B001CA76C /* meditationApp.app */ = {isa = PBXFileReference; explicitFileType = wrapper.application; includeInIndex = 0; path = meditationApp.app; sourceTree = BUILT_PRODUCTS_DIR; };
		735B84DE2A0E896B001CA76C /* AppDelegate.swift */ = {isa = PBXFileReference; lastKnownFileType = sourcecode.swift; path = AppDelegate.swift; sourceTree = "<group>"; };
		735B84E02A0E896B001CA76C /* SceneDelegate.swift */ = {isa = PBXFileReference; lastKnownFileType = sourcecode.swift; path = SceneDelegate.swift; sourceTree = "<group>"; };
		735B84E22A0E896B001CA76C /* ViewController.swift */ = {isa = PBXFileReference; lastKnownFileType = sourcecode.swift; path = ViewController.swift; sourceTree = "<group>"; };
		735B84E52A0E896B001CA76C /* Base */ = {isa = PBXFileReference; lastKnownFileType = file.storyboard; name = Base; path = Base.lproj/Main.storyboard; sourceTree = "<group>"; };
		735B84E72A0E896D001CA76C /* Assets.xcassets */ = {isa = PBXFileReference; lastKnownFileType = folder.assetcatalog; path = Assets.xcassets; sourceTree = "<group>"; };
		735B84EA2A0E896D001CA76C /* Base */ = {isa = PBXFileReference; lastKnownFileType = file.storyboard; name = Base; path = Base.lproj/LaunchScreen.storyboard; sourceTree = "<group>"; };
		735B84EC2A0E896D001CA76C /* Info.plist */ = {isa = PBXFileReference; lastKnownFileType = text.plist.xml; path = Info.plist; sourceTree = "<group>"; };
		735B84F12A0E896E001CA76C /* meditationAppTests.xctest */ = {isa = PBXFileReference; explicitFileType = wrapper.cfbundle; includeInIndex = 0; path = meditationAppTests.xctest; sourceTree = BUILT_PRODUCTS_DIR; };
		735B84F52A0E896E001CA76C /* meditationAppTests.swift */ = {isa = PBXFileReference; lastKnownFileType = sourcecode.swift; path = meditationAppTests.swift; sourceTree = "<group>"; };
		735B84FB2A0E896E001CA76C /* meditationAppUITests.xctest */ = {isa = PBXFileReference; explicitFileType = wrapper.cfbundle; includeInIndex = 0; path = meditationAppUITests.xctest; sourceTree = BUILT_PRODUCTS_DIR; };
		735B84FF2A0E896E001CA76C /* meditationAppUITests.swift */ = {isa = PBXFileReference; lastKnownFileType = sourcecode.swift; path = meditationAppUITests.swift; sourceTree = "<group>"; };
		735B85012A0E896E001CA76C /* meditationAppUITestsLaunchTests.swift */ = {isa = PBXFileReference; lastKnownFileType = sourcecode.swift; path = meditationAppUITestsLaunchTests.swift; sourceTree = "<group>"; };
/* End PBXFileReference section */

/* Begin PBXFrameworksBuildPhase section */
		735B84D82A0E896B001CA76C /* Frameworks */ = {
			isa = PBXFrameworksBuildPhase;
			buildActionMask = 2147483647;
			files = (
			);
			runOnlyForDeploymentPostprocessing = 0;
		};
		735B84EE2A0E896E001CA76C /* Frameworks */ = {
			isa = PBXFrameworksBuildPhase;
			buildActionMask = 2147483647;
			files = (
			);
			runOnlyForDeploymentPostprocessing = 0;
		};
		735B84F82A0E896E001CA76C /* Frameworks */ = {
			isa = PBXFrameworksBuildPhase;
			buildActionMask = 2147483647;
			files = (
			);
			runOnlyForDeploymentPostprocessing = 0;
		};
/* End PBXFrameworksBuildPhase section */

/* Begin PBXGroup section */
		735B84D22A0E896B001CA76C = {
			isa = PBXGroup;
			children = (
				735B84DD2A0E896B001CA76C /* meditationApp */,
				735B84F42A0E896E001CA76C /* meditationAppTests */,
				735B84FE2A0E896E001CA76C /* meditationAppUITests */,
				735B84DC2A0E896B001CA76C /* Products */,
			);
			sourceTree = "<group>";
		};
		735B84DC2A0E896B001CA76C /* Products */ = {
			isa = PBXGroup;
			children = (
				735B84DB2A0E896B001CA76C /* meditationApp.app */,
				735B84F12A0E896E001CA76C /* meditationAppTests.xctest */,
				735B84FB2A0E896E001CA76C /* meditationAppUITests.xctest */,
			);
			name = Products;
			sourceTree = "<group>";
		};
		735B84DD2A0E896B001CA76C /* meditationApp */ = {
			isa = PBXGroup;
			children = (
				735B84DE2A0E896B001CA76C /* AppDelegate.swift */,
				735B84E02A0E896B001CA76C /* SceneDelegate.swift */,
				735B84E22A0E896B001CA76C /* ViewController.swift */,
				735B84E42A0E896B001CA76C /* Main.storyboard */,
				735B84E72A0E896D001CA76C /* Assets.xcassets */,
				735B84E92A0E896D001CA76C /* LaunchScreen.storyboard */,
				735B84EC2A0E896D001CA76C /* Info.plist */,
			);
			path = meditationApp;
			sourceTree = "<group>";
		};
		735B84F42A0E896E001CA76C /* meditationAppTests */ = {
			isa = PBXGroup;
			children = (
				735B84F52A0E896E001CA76C /* meditationAppTests.swift */,
			);
			path = meditationAppTests;
			sourceTree = "<group>";
		};
		735B84FE2A0E896E001CA76C /* meditationAppUITests */ = {
			isa = PBXGroup;
			children = (
				735B84FF2A0E896E001CA76C /* meditationAppUITests.swift */,
				735B85012A0E896E001CA76C /* meditationAppUITestsLaunchTests.swift */,
			);
			path = meditationAppUITests;
			sourceTree = "<group>";
		};
/* End PBXGroup section */

/* Begin PBXNativeTarget section */
		735B84DA2A0E896B001CA76C /* meditationApp */ = {
			isa = PBXNativeTarget;
			buildConfigurationList = 735B85052A0E896E001CA76C /* Build configuration list for PBXNativeTarget "meditationApp" */;
			buildPhases = (
				735B84D72A0E896B001CA76C /* Sources */,
				735B84D82A0E896B001CA76C /* Frameworks */,
				735B84D92A0E896B001CA76C /* Resources */,
			);
			buildRules = (
			);
			dependencies = (
			);
			name = meditationApp;
			productName = meditationApp;
			productReference = 735B84DB2A0E896B001CA76C /* meditationApp.app */;
			productType = "com.apple.product-type.application";
		};
		735B84F02A0E896E001CA76C /* meditationAppTests */ = {
			isa = PBXNativeTarget;
			buildConfigurationList = 735B85082A0E896E001CA76C /* Build configuration list for PBXNativeTarget "meditationAppTests" */;
			buildPhases = (
				735B84ED2A0E896E001CA76C /* Sources */,
				735B84EE2A0E896E001CA76C /* Frameworks */,
				735B84EF2A0E896E001CA76C /* Resources */,
			);
			buildRules = (
			);
			dependencies = (
				735B84F32A0E896E001CA76C /* PBXTargetDependency */,
			);
			name = meditationAppTests;
			productName = meditationAppTests;
			productReference = 735B84F12A0E896E001CA76C /* meditationAppTests.xctest */;
			productType = "com.apple.product-type.bundle.unit-test";
		};
		735B84FA2A0E896E001CA76C /* meditationAppUITests */ = {
			isa = PBXNativeTarget;
			buildConfigurationList = 735B850B2A0E896E001CA76C /* Build configuration list for PBXNativeTarget "meditationAppUITests" */;
			buildPhases = (
				735B84F72A0E896E001CA76C /* Sources */,
				735B84F82A0E896E001CA76C /* Frameworks */,
				735B84F92A0E896E001CA76C /* Resources */,
			);
			buildRules = (
			);
			dependencies = (
				735B84FD2A0E896E001CA76C /* PBXTargetDependency */,
			);
			name = meditationAppUITests;
			productName = meditationAppUITests;
			productReference = 735B84FB2A0E896E001CA76C /* meditationAppUITests.xctest */;
			productType = "com.apple.product-type.bundle.ui-testing";
		};
/* End PBXNativeTarget section */

/* Begin PBXProject section */
		735B84D32A0E896B001CA76C /* Project object */ = {
			isa = PBXProject;
			attributes = {
				BuildIndependentTargetsInParallel = 1;
				LastSwiftUpdateCheck = 1430;
				LastUpgradeCheck = 1430;
				TargetAttributes = {
					735B84DA2A0E896B001CA76C = {
						CreatedOnToolsVersion = 14.3;
					};
					735B84F02A0E896E001CA76C = {
						CreatedOnToolsVersion = 14.3;
						TestTargetID = 735B84DA2A0E896B001CA76C;
					};
					735B84FA2A0E896E001CA76C = {
						CreatedOnToolsVersion = 14.3;
						TestTargetID = 735B84DA2A0E896B001CA76C;
					};
				};
			};
			buildConfigurationList = 735B84D62A0E896B001CA76C /* Build configuration list for PBXProject "meditationApp" */;
			compatibilityVersion = "Xcode 14.0";
			developmentRegion = en;
			hasScannedForEncodings = 0;
			knownRegions = (
				en,
				Base,
			);
			mainGroup = 735B84D22A0E896B001CA76C;
			productRefGroup = 735B84DC2A0E896B001CA76C /* Products */;
			projectDirPath = "";
			projectRoot = "";
			targets = (
				735B84DA2A0E896B001CA76C /* meditationApp */,
				735B84F02A0E896E001CA76C /* meditationAppTests */,
				735B84FA2A0E896E001CA76C /* meditationAppUITests */,
			);
		};
/* End PBXProject section */

/* Begin PBXResourcesBuildPhase section */
		735B84D92A0E896B001CA76C /* Resources */ = {
			isa = PBXResourcesBuildPhase;
			buildActionMask = 2147483647;
			files = (
				735B84EB2A0E896D001CA76C /* LaunchScreen.storyboard in Resources */,
				735B84E82A0E896D001CA76C /* Assets.xcassets in Resources */,
				735B84E62A0E896B001CA76C /* Main.storyboard in Resources */,
			);
			runOnlyForDeploymentPostprocessing = 0;
		};
		735B84EF2A0E896E001CA76C /* Resources */ = {
			isa = PBXResourcesBuildPhase;
			buildActionMask = 2147483647;
			files = (
			);
			runOnlyForDeploymentPostprocessing = 0;
		};
		735B84F92A0E896E001CA76C /* Resources */ = {
			isa = PBXResourcesBuildPhase;
			buildActionMask = 2147483647;
			files = (
			);
			runOnlyForDeploymentPostprocessing = 0;
		};
/* End PBXResourcesBuildPhase section */

/* Begin PBXSourcesBuildPhase section */
		735B84D72A0E896B001CA76C /* Sources */ = {
			isa = PBXSourcesBuildPhase;
			buildActionMask = 2147483647;
			files = (
				735B84E32A0E896B001CA76C /* ViewController.swift in Sources */,
				735B84DF2A0E896B001CA76C /* AppDelegate.swift in Sources */,
				735B84E12A0E896B001CA76C /* SceneDelegate.swift in Sources */,
			);
			runOnlyForDeploymentPostprocessing = 0;
		};
		735B84ED2A0E896E001CA76C /* Sources */ = {
			isa = PBXSourcesBuildPhase;
			buildActionMask = 2147483647;
			files = (
				735B84F62A0E896E001CA76C /* meditationAppTests.swift in Sources */,
			);
			runOnlyForDeploymentPostprocessing = 0;
		};
		735B84F72A0E896E001CA76C /* Sources */ = {
			isa = PBXSourcesBuildPhase;
			buildActionMask = 2147483647;
			files = (
				735B85022A0E896E001CA76C /* meditationAppUITestsLaunchTests.swift in Sources */,
				735B85002A0E896E001CA76C /* meditationAppUITests.swift in Sources */,
			);
			runOnlyForDeploymentPostprocessing = 0;
		};
/* End PBXSourcesBuildPhase section */

/* Begin PBXTargetDependency section */
		735B84F32A0E896E001CA76C /* PBXTargetDependency */ = {
			isa = PBXTargetDependency;
			target = 735B84DA2A0E896B001CA76C /* meditationApp */;
			targetProxy = 735B84F22A0E896E001CA76C /* PBXContainerItemProxy */;
		};
		735B84FD2A0E896E001CA76C /* PBXTargetDependency */ = {
			isa = PBXTargetDependency;
			target = 735B84DA2A0E896B001CA76C /* meditationApp */;
			targetProxy = 735B84FC2A0E896E001CA76C /* PBXContainerItemProxy */;
		};
/* End PBXTargetDependency section */

/* Begin PBXVariantGroup section */
		735B84E42A0E896B001CA76C /* Main.storyboard */ = {
			isa = PBXVariantGroup;
			children = (
				735B84E52A0E896B001CA76C /* Base */,
			);
			name = Main.storyboard;
			sourceTree = "<group>";
		};
		735B84E92A0E896D001CA76C /* LaunchScreen.storyboard */ = {
			isa = PBXVariantGroup;
			children = (
				735B84EA2A0E896D001CA76C /* Base */,
			);
			name = LaunchScreen.storyboard;
			sourceTree = "<group>";
		};
/* End PBXVariantGroup section */

/* Begin XCBuildConfiguration section */
		735B85032A0E896E001CA76C /* Debug */ = {
			isa = XCBuildConfiguration;
			buildSettings = {
				ALWAYS_SEARCH_USER_PATHS = NO;
				CLANG_ANALYZER_NONNULL = YES;
				CLANG_ANALYZER_NUMBER_OBJECT_CONVERSION = YES_AGGRESSIVE;
				CLANG_CXX_LANGUAGE_STANDARD = "gnu++20";
				CLANG_ENABLE_MODULES = YES;
				CLANG_ENABLE_OBJC_ARC = YES;
				CLANG_ENABLE_OBJC_WEAK = YES;
				CLANG_WARN_BLOCK_CAPTURE_AUTORELEASING = YES;
				CLANG_WARN_BOOL_CONVERSION = YES;
				CLANG_WARN_COMMA = YES;
				CLANG_WARN_CONSTANT_CONVERSION = YES;
				CLANG_WARN_DEPRECATED_OBJC_IMPLEMENTATIONS = YES;
				CLANG_WARN_DIRECT_OBJC_ISA_USAGE = YES_ERROR;
				CLANG_WARN_DOCUMENTATION_COMMENTS = YES;
				CLANG_WARN_EMPTY_BODY = YES;
				CLANG_WARN_ENUM_CONVERSION = YES;
				CLANG_WARN_INFINITE_RECURSION = YES;
				CLANG_WARN_INT_CONVERSION = YES;
				CLANG_WARN_NON_LITERAL_NULL_CONVERSION = YES;
				CLANG_WARN_OBJC_IMPLICIT_RETAIN_SELF = YES;
				CLANG_WARN_OBJC_LITERAL_CONVERSION = YES;
				CLANG_WARN_OBJC_ROOT_CLASS = YES_ERROR;
				CLANG_WARN_QUOTED_INCLUDE_IN_FRAMEWORK_HEADER = YES;
				CLANG_WARN_RANGE_LOOP_ANALYSIS = YES;
				CLANG_WARN_STRICT_PROTOTYPES = YES;
				CLANG_WARN_SUSPICIOUS_MOVE = YES;
				CLANG_WARN_UNGUARDED_AVAILABILITY = YES_AGGRESSIVE;
				CLANG_WARN_UNREACHABLE_CODE = YES;
				CLANG_WARN__DUPLICATE_METHOD_MATCH = YES;
				COPY_PHASE_STRIP = NO;
				DEBUG_INFORMATION_FORMAT = dwarf;
				ENABLE_STRICT_OBJC_MSGSEND = YES;
				ENABLE_TESTABILITY = YES;
				GCC_C_LANGUAGE_STANDARD = gnu11;
				GCC_DYNAMIC_NO_PIC = NO;
				GCC_NO_COMMON_BLOCKS = YES;
				GCC_OPTIMIZATION_LEVEL = 0;
				GCC_PREPROCESSOR_DEFINITIONS = (
					"DEBUG=1",
					"$(inherited)",
				);
				GCC_WARN_64_TO_32_BIT_CONVERSION = YES;
				GCC_WARN_ABOUT_RETURN_TYPE = YES_ERROR;
				GCC_WARN_UNDECLARED_SELECTOR = YES;
				GCC_WARN_UNINITIALIZED_AUTOS = YES_AGGRESSIVE;
				GCC_WARN_UNUSED_FUNCTION = YES;
				GCC_WARN_UNUSED_VARIABLE = YES;
				IPHONEOS_DEPLOYMENT_TARGET = 16.4;
				MTL_ENABLE_DEBUG_INFO = INCLUDE_SOURCE;
				MTL_FAST_MATH = YES;
				ONLY_ACTIVE_ARCH = YES;
				SDKROOT = iphoneos;
				SWIFT_ACTIVE_COMPILATION_CONDITIONS = DEBUG;
				SWIFT_OPTIMIZATION_LEVEL = "-Onone";
			};
			name = Debug;
		};
		735B85042A0E896E001CA76C /* Release */ = {
			isa = XCBuildConfiguration;
			buildSettings = {
				ALWAYS_SEARCH_USER_PATHS = NO;
				CLANG_ANALYZER_NONNULL = YES;
				CLANG_ANALYZER_NUMBER_OBJECT_CONVERSION = YES_AGGRESSIVE;
				CLANG_CXX_LANGUAGE_STANDARD = "gnu++20";
				CLANG_ENABLE_MODULES = YES;
				CLANG_ENABLE_OBJC_ARC = YES;
				CLANG_ENABLE_OBJC_WEAK = YES;
				CLANG_WARN_BLOCK_CAPTURE_AUTORELEASING = YES;
				CLANG_WARN_BOOL_CONVERSION = YES;
				CLANG_WARN_COMMA = YES;
				CLANG_WARN_CONSTANT_CONVERSION = YES;
				CLANG_WARN_DEPRECATED_OBJC_IMPLEMENTATIONS = YES;
				CLANG_WARN_DIRECT_OBJC_ISA_USAGE = YES_ERROR;
				CLANG_WARN_DOCUMENTATION_COMMENTS = YES;
				CLANG_WARN_EMPTY_BODY = YES;
				CLANG_WARN_ENUM_CONVERSION = YES;
				CLANG_WARN_INFINITE_RECURSION = YES;
				CLANG_WARN_INT_CONVERSION = YES;
				CLANG_WARN_NON_LITERAL_NULL_CONVERSION = YES;
				CLANG_WARN_OBJC_IMPLICIT_RETAIN_SELF = YES;
				CLANG_WARN_OBJC_LITERAL_CONVERSION = YES;
				CLANG_WARN_OBJC_ROOT_CLASS = YES_ERROR;
				CLANG_WARN_QUOTED_INCLUDE_IN_FRAMEWORK_HEADER = YES;
				CLANG_WARN_RANGE_LOOP_ANALYSIS = YES;
				CLANG_WARN_STRICT_PROTOTYPES = YES;
				CLANG_WARN_SUSPICIOUS_MOVE = YES;
				CLANG_WARN_UNGUARDED_AVAILABILITY = YES_AGGRESSIVE;
				CLANG_WARN_UNREACHABLE_CODE = YES;
				CLANG_WARN__DUPLICATE_METHOD_MATCH = YES;
				COPY_PHASE_STRIP = NO;
				DEBUG_INFORMATION_FORMAT = "dwarf-with-dsym";
				ENABLE_NS_ASSERTIONS = NO;
				ENABLE_STRICT_OBJC_MSGSEND = YES;
				GCC_C_LANGUAGE_STANDARD = gnu11;
				GCC_NO_COMMON_BLOCKS = YES;
				GCC_WARN_64_TO_32_BIT_CONVERSION = YES;
				GCC_WARN_ABOUT_RETURN_TYPE = YES_ERROR;
				GCC_WARN_UNDECLARED_SELECTOR = YES;
				GCC_WARN_UNINITIALIZED_AUTOS = YES_AGGRESSIVE;
				GCC_WARN_UNUSED_FUNCTION = YES;
				GCC_WARN_UNUSED_VARIABLE = YES;
				IPHONEOS_DEPLOYMENT_TARGET = 16.4;
				MTL_ENABLE_DEBUG_INFO = NO;
				MTL_FAST_MATH = YES;
				SDKROOT = iphoneos;
				SWIFT_COMPILATION_MODE = wholemodule;
				SWIFT_OPTIMIZATION_LEVEL = "-O";
				VALIDATE_PRODUCT = YES;
			};
			name = Release;
		};
		735B85062A0E896E001CA76C /* Debug */ = {
			isa = XCBuildConfiguration;
			buildSettings = {
				ASSETCATALOG_COMPILER_APPICON_NAME = AppIcon;
				ASSETCATALOG_COMPILER_GLOBAL_ACCENT_COLOR_NAME = AccentColor;
				CODE_SIGN_STYLE = Automatic;
				CURRENT_PROJECT_VERSION = 1;
				DEVELOPMENT_TEAM = UD69W4HZ3A;
				GENERATE_INFOPLIST_FILE = YES;
				INFOPLIST_FILE = meditationApp/Info.plist;
				INFOPLIST_KEY_UIApplicationSupportsIndirectInputEvents = YES;
				INFOPLIST_KEY_UILaunchStoryboardName = LaunchScreen;
				INFOPLIST_KEY_UIMainStoryboardFile = Main;
				INFOPLIST_KEY_UISupportedInterfaceOrientations_iPad = "UIInterfaceOrientationPortrait UIInterfaceOrientationPortraitUpsideDown UIInterfaceOrientationLandscapeLeft UIInterfaceOrientationLandscapeRight";
				INFOPLIST_KEY_UISupportedInterfaceOrientations_iPhone = "UIInterfaceOrientationPortrait UIInterfaceOrientationLandscapeLeft UIInterfaceOrientationLandscapeRight";
				LD_RUNPATH_SEARCH_PATHS = (
					"$(inherited)",
					"@executable_path/Frameworks",
				);
				MARKETING_VERSION = 1.0;
				PRODUCT_BUNDLE_IDENTIFIER = Cinematto.meditationApp;
				PRODUCT_NAME = "$(TARGET_NAME)";
				SWIFT_EMIT_LOC_STRINGS = YES;
				SWIFT_VERSION = 5.0;
				TARGETED_DEVICE_FAMILY = "1,2";
			};
			name = Debug;
		};
		735B85072A0E896E001CA76C /* Release */ = {
			isa = XCBuildConfiguration;
			buildSettings = {
				ASSETCATALOG_COMPILER_APPICON_NAME = AppIcon;
				ASSETCATALOG_COMPILER_GLOBAL_ACCENT_COLOR_NAME = AccentColor;
				CODE_SIGN_STYLE = Automatic;
				CURRENT_PROJECT_VERSION = 1;
				DEVELOPMENT_TEAM = UD69W4HZ3A;
				GENERATE_INFOPLIST_FILE = YES;
				INFOPLIST_FILE = meditationApp/Info.plist;
				INFOPLIST_KEY_UIApplicationSupportsIndirectInputEvents = YES;
				INFOPLIST_KEY_UILaunchStoryboardName = LaunchScreen;
				INFOPLIST_KEY_UIMainStoryboardFile = Main;
				INFOPLIST_KEY_UISupportedInterfaceOrientations_iPad = "UIInterfaceOrientationPortrait UIInterfaceOrientationPortraitUpsideDown UIInterfaceOrientationLandscapeLeft UIInterfaceOrientationLandscapeRight";
				INFOPLIST_KEY_UISupportedInterfaceOrientations_iPhone = "UIInterfaceOrientationPortrait UIInterfaceOrientationLandscapeLeft UIInterfaceOrientationLandscapeRight";
				LD_RUNPATH_SEARCH_PATHS = (
					"$(inherited)",
					"@executable_path/Frameworks",
				);
				MARKETING_VERSION = 1.0;
				PRODUCT_BUNDLE_IDENTIFIER = Cinematto.meditationApp;
				PRODUCT_NAME = "$(TARGET_NAME)";
				SWIFT_EMIT_LOC_STRINGS = YES;
				SWIFT_VERSION = 5.0;
				TARGETED_DEVICE_FAMILY = "1,2";
			};
			name = Release;
		};
		735B85092A0E896E001CA76C /* Debug */ = {
			isa = XCBuildConfiguration;
			buildSettings = {
				ALWAYS_EMBED_SWIFT_STANDARD_LIBRARIES = YES;
				BUNDLE_LOADER = "$(TEST_HOST)";
				CODE_SIGN_STYLE = Automatic;
				CURRENT_PROJECT_VERSION = 1;
				DEVELOPMENT_TEAM = UD69W4HZ3A;
				GENERATE_INFOPLIST_FILE = YES;
				IPHONEOS_DEPLOYMENT_TARGET = 16.4;
				MARKETING_VERSION = 1.0;
				PRODUCT_BUNDLE_IDENTIFIER = Cinematto.meditationAppTests;
				PRODUCT_NAME = "$(TARGET_NAME)";
				SWIFT_EMIT_LOC_STRINGS = NO;
				SWIFT_VERSION = 5.0;
				TARGETED_DEVICE_FAMILY = "1,2";
				TEST_HOST = "$(BUILT_PRODUCTS_DIR)/meditationApp.app/$(BUNDLE_EXECUTABLE_FOLDER_PATH)/meditationApp";
			};
			name = Debug;
		};
		735B850A2A0E896E001CA76C /* Release */ = {
			isa = XCBuildConfiguration;
			buildSettings = {
				ALWAYS_EMBED_SWIFT_STANDARD_LIBRARIES = YES;
				BUNDLE_LOADER = "$(TEST_HOST)";
				CODE_SIGN_STYLE = Automatic;
				CURRENT_PROJECT_VERSION = 1;
				DEVELOPMENT_TEAM = UD69W4HZ3A;
				GENERATE_INFOPLIST_FILE = YES;
				IPHONEOS_DEPLOYMENT_TARGET = 16.4;
				MARKETING_VERSION = 1.0;
				PRODUCT_BUNDLE_IDENTIFIER = Cinematto.meditationAppTests;
				PRODUCT_NAME = "$(TARGET_NAME)";
				SWIFT_EMIT_LOC_STRINGS = NO;
				SWIFT_VERSION = 5.0;
				TARGETED_DEVICE_FAMILY = "1,2";
				TEST_HOST = "$(BUILT_PRODUCTS_DIR)/meditationApp.app/$(BUNDLE_EXECUTABLE_FOLDER_PATH)/meditationApp";
			};
			name = Release;
		};
		735B850C2A0E896E001CA76C /* Debug */ = {
			isa = XCBuildConfiguration;
			buildSettings = {
				ALWAYS_EMBED_SWIFT_STANDARD_LIBRARIES = YES;
				CODE_SIGN_STYLE = Automatic;
				CURRENT_PROJECT_VERSION = 1;
				DEVELOPMENT_TEAM = UD69W4HZ3A;
				GENERATE_INFOPLIST_FILE = YES;
				MARKETING_VERSION = 1.0;
				PRODUCT_BUNDLE_IDENTIFIER = Cinematto.meditationAppUITests;
				PRODUCT_NAME = "$(TARGET_NAME)";
				SWIFT_EMIT_LOC_STRINGS = NO;
				SWIFT_VERSION = 5.0;
				TARGETED_DEVICE_FAMILY = "1,2";
				TEST_TARGET_NAME = meditationApp;
			};
			name = Debug;
		};
		735B850D2A0E896E001CA76C /* Release */ = {
			isa = XCBuildConfiguration;
			buildSettings = {
				ALWAYS_EMBED_SWIFT_STANDARD_LIBRARIES = YES;
				CODE_SIGN_STYLE = Automatic;
				CURRENT_PROJECT_VERSION = 1;
				DEVELOPMENT_TEAM = UD69W4HZ3A;
				GENERATE_INFOPLIST_FILE = YES;
				MARKETING_VERSION = 1.0;
				PRODUCT_BUNDLE_IDENTIFIER = Cinematto.meditationAppUITests;
				PRODUCT_NAME = "$(TARGET_NAME)";
				SWIFT_EMIT_LOC_STRINGS = NO;
				SWIFT_VERSION = 5.0;
				TARGETED_DEVICE_FAMILY = "1,2";
				TEST_TARGET_NAME = meditationApp;
			};
			name = Release;
		};
/* End XCBuildConfiguration section */

/* Begin XCConfigurationList section */
		735B84D62A0E896B001CA76C /* Build configuration list for PBXProject "meditationApp" */ = {
			isa = XCConfigurationList;
			buildConfigurations = (
				735B85032A0E896E001CA76C /* Debug */,
				735B85042A0E896E001CA76C /* Release */,
			);
			defaultConfigurationIsVisible = 0;
			defaultConfigurationName = Release;
		};
		735B85052A0E896E001CA76C /* Build configuration list for PBXNativeTarget "meditationApp" */ = {
			isa = XCConfigurationList;
			buildConfigurations = (
				735B85062A0E896E001CA76C /* Debug */,
				735B85072A0E896E001CA76C /* Release */,
			);
			defaultConfigurationIsVisible = 0;
			defaultConfigurationName = Release;
		};
		735B85082A0E896E001CA76C /* Build configuration list for PBXNativeTarget "meditationAppTests" */ = {
			isa = XCConfigurationList;
			buildConfigurations = (
				735B85092A0E896E001CA76C /* Debug */,
				735B850A2A0E896E001CA76C /* Release */,
			);
			defaultConfigurationIsVisible = 0;
			defaultConfigurationName = Release;
		};
		735B850B2A0E896E001CA76C /* Build configuration list for PBXNativeTarget "meditationAppUITests" */ = {
			isa = XCConfigurationList;
			buildConfigurations = (
				735B850C2A0E896E001CA76C /* Debug */,
				735B850D2A0E896E001CA76C /* Release */,
			);
			defaultConfigurationIsVisible = 0;
			defaultConfigurationName = Release;
		};
/* End XCConfigurationList section */
	};
	rootObject = 735B84D32A0E896B001CA76C /* Project object */;
}
